<?xml version="1.0" encoding="utf-8"?>
<Project ToolsVersion="4.0" xmlns="http://schemas.microsoft.com/developer/msbuild/2003">
  <ItemGroup>
    <Filter Include="Source Files">
      <UniqueIdentifier>{4FC737F1-C7A5-4376-A066-2A32D752A2FF}</UniqueIdentifier>
      <Extensions>cpp;c;cc;cxx;c++;cppm;ixx;def;odl;idl;hpj;bat;asm;asmx</Extensions>
    </Filter>
    <Filter Include="Header Files">
      <UniqueIdentifier>{93995380-89BD-4b04-88EB-625FBE52EBFB}</UniqueIdentifier>
      <Extensions>h;hh;hpp;hxx;h++;hm;inl;inc;ipp;xsd</Extensions>
    </Filter>
    <Filter Include="Resource Files">
      <UniqueIdentifier>{67DA6AB6-F800-4c08-8B7A-83BB121AAD01}</UniqueIdentifier>
      <Extensions>rc;ico;cur;bmp;dlg;rc2;rct;bin;rgs;gif;jpg;jpeg;jpe;resx;tiff;tif;png;wav;mfcribbon-ms</Extensions>
    </Filter>
  </ItemGroup>
  <ItemGroup>
    <ClCompile Include="rendering.c">
      <Filter>Source Files</Filter>
    </ClCompile>
    <ClCompile Include="glad.c">
      <Filter>Source Files</Filter>
    </ClCompile>
    <ClCompile Include="3DObjects.c">
      <Filter>Source Files</Filter>
    </ClCompile>
    <ClCompile Include="shaders.c">
      <Filter>Source Files</Filter>
    </ClCompile>
    <ClCompile Include="ObjectManager.c">
      <Filter>Source Files</Filter>
    </ClCompile>
    <ClCompile Include="Vectors.c">
      <Filter>Source Files</Filter>
    </ClCompile>
    <ClCompile Include="camera.c">
      <Filter>Source Files</Filter>
    </ClCompile>
    <ClCompile Include="lightshading.c">
      <Filter>Source Files</Filter>
    </ClCompile>
    <ClCompile Include="background.c">
      <Filter>Source Files</Filter>
    </ClCompile>
    <ClCompile Include="gui.c">
      <Filter>Source Files</Filter>
    </ClCompile>
    <ClCompile Include="textures.c">
      <Filter>Source Files</Filter>
    </ClCompile>
    <ClCompile Include="main.c">
      <Filter>Source Files</Filter>
    </ClCompile>
    <ClCompile Include="materials.c">
      <Filter>Source Files</Filter>
    </ClCompile>
    <ClCompile Include="globals.c">
      <Filter>Source Files</Filter>
    </ClCompile>
    <ClCompile Include="loading.c">
      <Filter>Source Files</Filter>
    </ClCompile>
    <ClCompile Include="file_operations.c">
      <Filter>Source Files</Filter>
    </ClCompile>
    <ClCompile Include="resource_loader.c">
      <Filter>Source Files</Filter>
    </ClCompile>
    <ClCompile Include="actions.c">
      <Filter>Source Files</Filter>
    </ClCompile>
    <ClCompile Include="ModelLoad.c">
      <Filter>Source Files</Filter>
    </ClCompile>
  </ItemGroup>
  <ItemGroup>
    <ClInclude Include="include\glad\glad.h">
      <Filter>Header Files</Filter>
    </ClInclude>
    <ClInclude Include="include\ModelLoad.h">
      <Filter>Header Files</Filter>
    </ClInclude>
    <ClInclude Include="include\Utility.h">
      <Filter>Header Files</Filter>
    </ClInclude>
    <ClInclude Include="include\materials.h">
      <Filter>Header Files</Filter>
    </ClInclude>
    <ClInclude Include="include\globals.h">
      <Filter>Header Files</Filter>
    </ClInclude>
    <ClInclude Include="include\rendering.h">
      <Filter>Header Files</Filter>
    </ClInclude>
    <ClInclude Include="include\file_operations.h">
      <Filter>Header Files</Filter>
    </ClInclude>
    <ClInclude Include="include\resource_loader.h">
      <Filter>Header Files</Filter>
    </ClInclude>
    <ClInclude Include="include\SceneObject.h">
      <Filter>Header Files</Filter>
    </ClInclude>
    <ClInclude Include="include\Object3D.h">
      <Filter>Header Files</Filter>
    </ClInclude>
    <ClInclude Include="include\actions.h">
      <Filter>Header Files</Filter>
    </ClInclude>
    <ClInclude Include="include\textures.h">
      <Filter>Header Files</Filter>
    </ClInclude>
    <ClInclude Include="include\Vectors.h">
      <Filter>Header Files</Filter>
    </ClInclude>
    <ClInclude Include="include\Screen.h">
      <Filter>Header Files</Filter>
    </ClInclude>
    <ClInclude Include="include\shaders.h">
      <Filter>Header Files</Filter>
    </ClInclude>
    <ClInclude Include="include\ObjectManager.h">
      <Filter>Header Files</Filter>
    </ClInclude>
    <ClInclude Include="include\random_color.h">
      <Filter>Header Files</Filter>
    </ClInclude>
    <ClInclude Include="include\loading.h">
      <Filter>Header Files</Filter>
    </ClInclude>
    <ClInclude Include="include\lightshading.h">
      <Filter>Header Files</Filter>
    </ClInclude>
    <ClInclude Include="include\gui.h">
      <Filter>Header Files</Filter>
    </ClInclude>
    <ClInclude Include="include\background.h">
      <Filter>Header Files</Filter>
    </ClInclude>
    <ClInclude Include="include\Camera.h">
      <Filter>Header Files</Filter>
    </ClInclude>
    <ClInclude Include="include\3DObjects.h">
      <Filter>Header Files</Filter>
    </ClInclude>
  </ItemGroup>
  <ItemGroup>
    <None Include="shaders\fragment.shader">
      <Filter>Source Files</Filter>
    </None>
    <None Include="shaders\vertex.shader">
      <Filter>Source Files</Filter>
    </None>
    <None Include="shaders\skyboxVertex.glsl" />
    <None Include="shaders\skyboxFragment.glsl" />
    <None Include="tinyfiledialogs32.dll" />
    <None Include="tinyfiledialogs64.dll" />
    <None Include="shaders\objects\fragment.glsl" />
    <None Include="shaders\objects\vertex.glsl" />
    <None Include="shaders\skybox\skyboxFragment.glsl" />
    <None Include="shaders\skybox\skyboxVertex.glsl" />
    <None Include="assimp-vc143-mtd.dll" />
    <None Include="cjson.dll" />
    <None Include="glew32.dll" />
    <None Include="glfw3.dll" />
    <None Include="ode.dll" />
    <None Include="ode_doubled.dll" />
  </ItemGroup>
</Project>